
Microsoft Visual Studio Solution File, Format Version 12.00
# Visual Studio Version 17
VisualStudioVersion = 17.5.33414.496
MinimumVisualStudioVersion = 10.0.40219.1
Project("{FAE04EC0-301F-11D3-BF4B-00C04F79EFBC}") = "tpmod6_1302213002", "tpmod6_1302213002\tpmod6_1302213002.csproj", "{3C90B93C-2782-42E2-BB99-3413F9D29ACC}"
EndProject
Global
	GlobalSection(SolutionConfigurationPlatforms) = preSolution
		Debug|Any CPU = Debug|Any CPU
		Release|Any CPU = Release|Any CPU
	EndGlobalSection
	GlobalSection(ProjectConfigurationPlatforms) = postSolution
		{3C90B93C-2782-42E2-BB99-3413F9D29ACC}.Debug|Any CPU.ActiveCfg = Debug|Any CPU
		{3C90B93C-2782-42E2-BB99-3413F9D29ACC}.Debug|Any CPU.Build.0 = Debug|Any CPU
		{3C90B93C-2782-42E2-BB99-3413F9D29ACC}.Release|Any CPU.ActiveCfg = Release|Any CPU
		{3C90B93C-2782-42E2-BB99-3413F9D29ACC}.Release|Any CPU.Build.0 = Release|Any CPU
	EndGlobalSection
	GlobalSection(SolutionProperties) = preSolution
		HideSolutionNode = FALSE
	EndGlobalSection
	GlobalSection(ExtensibilityGlobals) = postSolution
		SolutionGuid = {31745D4E-236D-46DC-B31A-6811139C4A79}
	EndGlobalSection
EndGlobal
